
Microsoft Visual Studio Solution File, Format Version 12.00
# Visual Studio Version 16
VisualStudioVersion = 16.0.31624.102
MinimumVisualStudioVersion = 10.0.40219.1
Project("{FAE04EC0-301F-11D3-BF4B-00C04F79EFBC}") = "WindowsFormsApp1", "WindowsFormsApp1\WindowsFormsApp1.csproj", "{61AAE6AE-9A5D-489E-8379-0E7CD8EFE3FC}"
EndProject
Global
	GlobalSection(SolutionConfigurationPlatforms) = preSolution
		Debug|Any CPU = Debug|Any CPU
		Release|Any CPU = Release|Any CPU
	EndGlobalSection
	GlobalSection(ProjectConfigurationPlatforms) = postSolution
		{61AAE6AE-9A5D-489E-8379-0E7CD8EFE3FC}.Debug|Any CPU.ActiveCfg = Debug|Any CPU
		{61AAE6AE-9A5D-489E-8379-0E7CD8EFE3FC}.Debug|Any CPU.Build.0 = Debug|Any CPU
		{61AAE6AE-9A5D-489E-8379-0E7CD8EFE3FC}.Release|Any CPU.ActiveCfg = Release|Any CPU
		{61AAE6AE-9A5D-489E-8379-0E7CD8EFE3FC}.Release|Any CPU.Build.0 = Release|Any CPU
	EndGlobalSection
	GlobalSection(SolutionProperties) = preSolution
		HideSolutionNode = FALSE
	EndGlobalSection
	GlobalSection(ExtensibilityGlobals) = postSolution
		SolutionGuid = {B6BEB50F-A458-487E-9B73-1528A336BBA8}
	EndGlobalSection
EndGlobal
